
Microsoft Visual Studio Solution File, Format Version 12.00
# Visual Studio Version 16
VisualStudioVersion = 16.0.29613.14
MinimumVisualStudioVersion = 10.0.40219.1
Project("{FAE04EC0-301F-11D3-BF4B-00C04F79EFBC}") = "BlackJackSimulator.UnitTests", "BlackJackSimulator.UnitTests\BlackJackSimulator.UnitTests.csproj", "{C0001EC5-85BD-4E88-80F7-8CEEC4EB99BA}"
EndProject
Project("{FAE04EC0-301F-11D3-BF4B-00C04F79EFBC}") = "BlackJackSimulator.Library", "BlackJackSimulator.Library\BlackJackSimulator.Library.csproj", "{4E9BF4E4-2B16-459C-A62E-4C460AE31010}"
EndProject
Project("{FAE04EC0-301F-11D3-BF4B-00C04F79EFBC}") = "BlackJackSimulator.Runner", "BlackJackSimulator.Runner\BlackJackSimulator.Runner.csproj", "{815DF7B4-C542-4600-8AEF-A752BB6216ED}"
EndProject
Global
	GlobalSection(SolutionConfigurationPlatforms) = preSolution
		Debug|Any CPU = Debug|Any CPU
		Release|Any CPU = Release|Any CPU
	EndGlobalSection
	GlobalSection(ProjectConfigurationPlatforms) = postSolution
		{C0001EC5-85BD-4E88-80F7-8CEEC4EB99BA}.Debug|Any CPU.ActiveCfg = Debug|Any CPU
		{C0001EC5-85BD-4E88-80F7-8CEEC4EB99BA}.Debug|Any CPU.Build.0 = Debug|Any CPU
		{C0001EC5-85BD-4E88-80F7-8CEEC4EB99BA}.Release|Any CPU.ActiveCfg = Release|Any CPU
		{C0001EC5-85BD-4E88-80F7-8CEEC4EB99BA}.Release|Any CPU.Build.0 = Release|Any CPU
		{4E9BF4E4-2B16-459C-A62E-4C460AE31010}.Debug|Any CPU.ActiveCfg = Debug|Any CPU
		{4E9BF4E4-2B16-459C-A62E-4C460AE31010}.Debug|Any CPU.Build.0 = Debug|Any CPU
		{4E9BF4E4-2B16-459C-A62E-4C460AE31010}.Release|Any CPU.ActiveCfg = Release|Any CPU
		{4E9BF4E4-2B16-459C-A62E-4C460AE31010}.Release|Any CPU.Build.0 = Release|Any CPU
		{815DF7B4-C542-4600-8AEF-A752BB6216ED}.Debug|Any CPU.ActiveCfg = Debug|Any CPU
		{815DF7B4-C542-4600-8AEF-A752BB6216ED}.Debug|Any CPU.Build.0 = Debug|Any CPU
		{815DF7B4-C542-4600-8AEF-A752BB6216ED}.Release|Any CPU.ActiveCfg = Release|Any CPU
		{815DF7B4-C542-4600-8AEF-A752BB6216ED}.Release|Any CPU.Build.0 = Release|Any CPU
	EndGlobalSection
	GlobalSection(SolutionProperties) = preSolution
		HideSolutionNode = FALSE
	EndGlobalSection
	GlobalSection(ExtensibilityGlobals) = postSolution
		SolutionGuid = {67831A25-A8D0-40D9-8EA4-2BE0B0B4F834}
	EndGlobalSection
EndGlobal
